
Microsoft Visual Studio Solution File, Format Version 12.00
# Visual Studio Version 17
VisualStudioVersion = 17.5.002.0
MinimumVisualStudioVersion = 10.0.40219.1
Project("{9A19103F-16F7-4668-BE54-9A1E7A4F7556}") = "Site3em1", "Site3em1\Site3em1.csproj", "{1FD8BE32-14A6-4354-B5B6-86D39A1BD03F}"
EndProject
Global
	GlobalSection(SolutionConfigurationPlatforms) = preSolution
		Debug|Any CPU = Debug|Any CPU
		Release|Any CPU = Release|Any CPU
	EndGlobalSection
	GlobalSection(ProjectConfigurationPlatforms) = postSolution
		{1FD8BE32-14A6-4354-B5B6-86D39A1BD03F}.Debug|Any CPU.ActiveCfg = Debug|Any CPU
		{1FD8BE32-14A6-4354-B5B6-86D39A1BD03F}.Debug|Any CPU.Build.0 = Debug|Any CPU
		{1FD8BE32-14A6-4354-B5B6-86D39A1BD03F}.Release|Any CPU.ActiveCfg = Release|Any CPU
		{1FD8BE32-14A6-4354-B5B6-86D39A1BD03F}.Release|Any CPU.Build.0 = Release|Any CPU
	EndGlobalSection
	GlobalSection(SolutionProperties) = preSolution
		HideSolutionNode = FALSE
	EndGlobalSection
	GlobalSection(ExtensibilityGlobals) = postSolution
		SolutionGuid = {E1F31681-5082-4D7D-BB8C-C2ABE195ABE0}
	EndGlobalSection
EndGlobal
